// !$*UTF8*$!
{
	archiveVersion = 1;
	classes = {
	};
	objectVersion = 46;
	objects = {

/* Begin PBXBuildFile section */
		9DC709CB1BD9C7B5009812F2 /* AppDelegate.swift in Sources */ = {isa = PBXBuildFile; fileRef = 9DC709CA1BD9C7B5009812F2 /* AppDelegate.swift */; };
		9DC709CD1BD9C7B5009812F2 /* ViewController.swift in Sources */ = {isa = PBXBuildFile; fileRef = 9DC709CC1BD9C7B5009812F2 /* ViewController.swift */; };
		9DC709D01BD9C7B5009812F2 /* Main.storyboard in Resources */ = {isa = PBXBuildFile; fileRef = 9DC709CE1BD9C7B5009812F2 /* Main.storyboard */; };
		9DC709D21BD9C7B5009812F2 /* Assets.xcassets in Resources */ = {isa = PBXBuildFile; fileRef = 9DC709D11BD9C7B5009812F2 /* Assets.xcassets */; };
		9DC709D51BD9C7B5009812F2 /* LaunchScreen.storyboard in Resources */ = {isa = PBXBuildFile; fileRef = 9DC709D31BD9C7B5009812F2 /* LaunchScreen.storyboard */; };
		9DC709E01BD9C7B5009812F2 /* Times_TableTests.swift in Sources */ = {isa = PBXBuildFile; fileRef = 9DC709DF1BD9C7B5009812F2 /* Times_TableTests.swift */; };
		9DC709EB1BD9C7B5009812F2 /* Times_TableUITests.swift in Sources */ = {isa = PBXBuildFile; fileRef = 9DC709EA1BD9C7B5009812F2 /* Times_TableUITests.swift */; };
/* End PBXBuildFile section */

/* Begin PBXContainerItemProxy section */
		9DC709DC1BD9C7B5009812F2 /* PBXContainerItemProxy */ = {
			isa = PBXContainerItemProxy;
			containerPortal = 9DC709BF1BD9C7B5009812F2 /* Project object */;
			proxyType = 1;
			remoteGlobalIDString = 9DC709C61BD9C7B5009812F2;
			remoteInfo = "Times Table";
		};
		9DC709E71BD9C7B5009812F2 /* PBXContainerItemProxy */ = {
			isa = PBXContainerItemProxy;
			containerPortal = 9DC709BF1BD9C7B5009812F2 /* Project object */;
			proxyType = 1;
			remoteGlobalIDString = 9DC709C61BD9C7B5009812F2;
			remoteInfo = "Times Table";
		};
/* End PBXContainerItemProxy section */

/* Begin PBXFileReference section */
		9DC709C71BD9C7B5009812F2 /* Times Table.app */ = {isa = PBXFileReference; explicitFileType = wrapper.application; includeInIndex = 0; path = "Times Table.app"; sourceTree = BUILT_PRODUCTS_DIR; };
		9DC709CA1BD9C7B5009812F2 /* AppDelegate.swift */ = {isa = PBXFileReference; lastKnownFileType = sourcecode.swift; path = AppDelegate.swift; sourceTree = "<group>"; };
		9DC709CC1BD9C7B5009812F2 /* ViewController.swift */ = {isa = PBXFileReference; lastKnownFileType = sourcecode.swift; path = ViewController.swift; sourceTree = "<group>"; };
		9DC709CF1BD9C7B5009812F2 /* Base */ = {isa = PBXFileReference; lastKnownFileType = file.storyboard; name = Base; path = Base.lproj/Main.storyboard; sourceTree = "<group>"; };
		9DC709D11BD9C7B5009812F2 /* Assets.xcassets */ = {isa = PBXFileReference; lastKnownFileType = folder.assetcatalog; path = Assets.xcassets; sourceTree = "<group>"; };
		9DC709D41BD9C7B5009812F2 /* Base */ = {isa = PBXFileReference; lastKnownFileType = file.storyboard; name = Base; path = Base.lproj/LaunchScreen.storyboard; sourceTree = "<group>"; };
		9DC709D61BD9C7B5009812F2 /* Info.plist */ = {isa = PBXFileReference; lastKnownFileType = text.plist.xml; path = Info.plist; sourceTree = "<group>"; };
		9DC709DB1BD9C7B5009812F2 /* Times TableTests.xctest */ = {isa = PBXFileReference; explicitFileType = wrapper.cfbundle; includeInIndex = 0; path = "Times TableTests.xctest"; sourceTree = BUILT_PRODUCTS_DIR; };
		9DC709DF1BD9C7B5009812F2 /* Times_TableTests.swift */ = {isa = PBXFileReference; lastKnownFileType = sourcecode.swift; path = Times_TableTests.swift; sourceTree = "<group>"; };
		9DC709E11BD9C7B5009812F2 /* Info.plist */ = {isa = PBXFileReference; lastKnownFileType = text.plist.xml; path = Info.plist; sourceTree = "<group>"; };
		9DC709E61BD9C7B5009812F2 /* Times TableUITests.xctest */ = {isa = PBXFileReference; explicitFileType = wrapper.cfbundle; includeInIndex = 0; path = "Times TableUITests.xctest"; sourceTree = BUILT_PRODUCTS_DIR; };
		9DC709EA1BD9C7B5009812F2 /* Times_TableUITests.swift */ = {isa = PBXFileReference; lastKnownFileType = sourcecode.swift; path = Times_TableUITests.swift; sourceTree = "<group>"; };
		9DC709EC1BD9C7B5009812F2 /* Info.plist */ = {isa = PBXFileReference; lastKnownFileType = text.plist.xml; path = Info.plist; sourceTree = "<group>"; };
/* End PBXFileReference section */

/* Begin PBXFrameworksBuildPhase section */
		9DC709C41BD9C7B5009812F2 /* Frameworks */ = {
			isa = PBXFrameworksBuildPhase;
			buildActionMask = 2147483647;
			files = (
			);
			runOnlyForDeploymentPostprocessing = 0;
		};
		9DC709D81BD9C7B5009812F2 /* Frameworks */ = {
			isa = PBXFrameworksBuildPhase;
			buildActionMask = 2147483647;
			files = (
			);
			runOnlyForDeploymentPostprocessing = 0;
		};
		9DC709E31BD9C7B5009812F2 /* Frameworks */ = {
			isa = PBXFrameworksBuildPhase;
			buildActionMask = 2147483647;
			files = (
			);
			runOnlyForDeploymentPostprocessing = 0;
		};
/* End PBXFrameworksBuildPhase section */

/* Begin PBXGroup section */
		9DC709BE1BD9C7B5009812F2 = {
			isa = PBXGroup;
			children = (
				9DC709C91BD9C7B5009812F2 /* Times Table */,
				9DC709DE1BD9C7B5009812F2 /* Times TableTests */,
				9DC709E91BD9C7B5009812F2 /* Times TableUITests */,
				9DC709C81BD9C7B5009812F2 /* Products */,
			);
			sourceTree = "<group>";
		};
		9DC709C81BD9C7B5009812F2 /* Products */ = {
			isa = PBXGroup;
			children = (
				9DC709C71BD9C7B5009812F2 /* Times Table.app */,
				9DC709DB1BD9C7B5009812F2 /* Times TableTests.xctest */,
				9DC709E61BD9C7B5009812F2 /* Times TableUITests.xctest */,
			);
			name = Products;
			sourceTree = "<group>";
		};
		9DC709C91BD9C7B5009812F2 /* Times Table */ = {
			isa = PBXGroup;
			children = (
				9DC709CA1BD9C7B5009812F2 /* AppDelegate.swift */,
				9DC709CC1BD9C7B5009812F2 /* ViewController.swift */,
				9DC709CE1BD9C7B5009812F2 /* Main.storyboard */,
				9DC709D11BD9C7B5009812F2 /* Assets.xcassets */,
				9DC709D31BD9C7B5009812F2 /* LaunchScreen.storyboard */,
				9DC709D61BD9C7B5009812F2 /* Info.plist */,
			);
			path = "Times Table";
			sourceTree = "<group>";
		};
		9DC709DE1BD9C7B5009812F2 /* Times TableTests */ = {
			isa = PBXGroup;
			children = (
				9DC709DF1BD9C7B5009812F2 /* Times_TableTests.swift */,
				9DC709E11BD9C7B5009812F2 /* Info.plist */,
			);
			path = "Times TableTests";
			sourceTree = "<group>";
		};
		9DC709E91BD9C7B5009812F2 /* Times TableUITests */ = {
			isa = PBXGroup;
			children = (
				9DC709EA1BD9C7B5009812F2 /* Times_TableUITests.swift */,
				9DC709EC1BD9C7B5009812F2 /* Info.plist */,
			);
			path = "Times TableUITests";
			sourceTree = "<group>";
		};
/* End PBXGroup section */

/* Begin PBXNativeTarget section */
		9DC709C61BD9C7B5009812F2 /* Times Table */ = {
			isa = PBXNativeTarget;
			buildConfigurationList = 9DC709EF1BD9C7B5009812F2 /* Build configuration list for PBXNativeTarget "Times Table" */;
			buildPhases = (
				9DC709C31BD9C7B5009812F2 /* Sources */,
				9DC709C41BD9C7B5009812F2 /* Frameworks */,
				9DC709C51BD9C7B5009812F2 /* Resources */,
			);
			buildRules = (
			);
			dependencies = (
			);
			name = "Times Table";
			productName = "Times Table";
			productReference = 9DC709C71BD9C7B5009812F2 /* Times Table.app */;
			productType = "com.apple.product-type.application";
		};
		9DC709DA1BD9C7B5009812F2 /* Times TableTests */ = {
			isa = PBXNativeTarget;
			buildConfigurationList = 9DC709F21BD9C7B5009812F2 /* Build configuration list for PBXNativeTarget "Times TableTests" */;
			buildPhases = (
				9DC709D71BD9C7B5009812F2 /* Sources */,
				9DC709D81BD9C7B5009812F2 /* Frameworks */,
				9DC709D91BD9C7B5009812F2 /* Resources */,
			);
			buildRules = (
			);
			dependencies = (
				9DC709DD1BD9C7B5009812F2 /* PBXTargetDependency */,
			);
			name = "Times TableTests";
			productName = "Times TableTests";
			productReference = 9DC709DB1BD9C7B5009812F2 /* Times TableTests.xctest */;
			productType = "com.apple.product-type.bundle.unit-test";
		};
		9DC709E51BD9C7B5009812F2 /* Times TableUITests */ = {
			isa = PBXNativeTarget;
			buildConfigurationList = 9DC709F51BD9C7B5009812F2 /* Build configuration list for PBXNativeTarget "Times TableUITests" */;
			buildPhases = (
				9DC709E21BD9C7B5009812F2 /* Sources */,
				9DC709E31BD9C7B5009812F2 /* Frameworks */,
				9DC709E41BD9C7B5009812F2 /* Resources */,
			);
			buildRules = (
			);
			dependencies = (
				9DC709E81BD9C7B5009812F2 /* PBXTargetDependency */,
			);
			name = "Times TableUITests";
			productName = "Times TableUITests";
			productReference = 9DC709E61BD9C7B5009812F2 /* Times TableUITests.xctest */;
			productType = "com.apple.product-type.bundle.ui-testing";
		};
/* End PBXNativeTarget section */

/* Begin PBXProject section */
		9DC709BF1BD9C7B5009812F2 /* Project object */ = {
			isa = PBXProject;
			attributes = {
				LastUpgradeCheck = 0700;
				ORGANIZATIONNAME = Idea360;
				TargetAttributes = {
					9DC709C61BD9C7B5009812F2 = {
						CreatedOnToolsVersion = 7.0.1;
					};
					9DC709DA1BD9C7B5009812F2 = {
						CreatedOnToolsVersion = 7.0.1;
						TestTargetID = 9DC709C61BD9C7B5009812F2;
					};
					9DC709E51BD9C7B5009812F2 = {
						CreatedOnToolsVersion = 7.0.1;
						TestTargetID = 9DC709C61BD9C7B5009812F2;
					};
				};
			};
			buildConfigurationList = 9DC709C21BD9C7B5009812F2 /* Build configuration list for PBXProject "Times Table" */;
			compatibilityVersion = "Xcode 3.2";
			developmentRegion = English;
			hasScannedForEncodings = 0;
			knownRegions = (
				en,
				Base,
			);
			mainGroup = 9DC709BE1BD9C7B5009812F2;
			productRefGroup = 9DC709C81BD9C7B5009812F2 /* Products */;
			projectDirPath = "";
			projectRoot = "";
			targets = (
				9DC709C61BD9C7B5009812F2 /* Times Table */,
				9DC709DA1BD9C7B5009812F2 /* Times TableTests */,
				9DC709E51BD9C7B5009812F2 /* Times TableUITests */,
			);
		};
/* End PBXProject section */

/* Begin PBXResourcesBuildPhase section */
		9DC709C51BD9C7B5009812F2 /* Resources */ = {
			isa = PBXResourcesBuildPhase;
			buildActionMask = 2147483647;
			files = (
				9DC709D51BD9C7B5009812F2 /* LaunchScreen.storyboard in Resources */,
				9DC709D21BD9C7B5009812F2 /* Assets.xcassets in Resources */,
				9DC709D01BD9C7B5009812F2 /* Main.storyboard in Resources */,
			);
			runOnlyForDeploymentPostprocessing = 0;
		};
		9DC709D91BD9C7B5009812F2 /* Resources */ = {
			isa = PBXResourcesBuildPhase;
			buildActionMask = 2147483647;
			files = (
			);
			runOnlyForDeploymentPostprocessing = 0;
		};
		9DC709E41BD9C7B5009812F2 /* Resources */ = {
			isa = PBXResourcesBuildPhase;
			buildActionMask = 2147483647;
			files = (
			);
			runOnlyForDeploymentPostprocessing = 0;
		};
/* End PBXResourcesBuildPhase section */

/* Begin PBXSourcesBuildPhase section */
		9DC709C31BD9C7B5009812F2 /* Sources */ = {
			isa = PBXSourcesBuildPhase;
			buildActionMask = 2147483647;
			files = (
				9DC709CD1BD9C7B5009812F2 /* ViewController.swift in Sources */,
				9DC709CB1BD9C7B5009812F2 /* AppDelegate.swift in Sources */,
			);
			runOnlyForDeploymentPostprocessing = 0;
		};
		9DC709D71BD9C7B5009812F2 /* Sources */ = {
			isa = PBXSourcesBuildPhase;
			buildActionMask = 2147483647;
			files = (
				9DC709E01BD9C7B5009812F2 /* Times_TableTests.swift in Sources */,
			);
			runOnlyForDeploymentPostprocessing = 0;
		};
		9DC709E21BD9C7B5009812F2 /* Sources */ = {
			isa = PBXSourcesBuildPhase;
			buildActionMask = 2147483647;
			files = (
				9DC709EB1BD9C7B5009812F2 /* Times_TableUITests.swift in Sources */,
			);
			runOnlyForDeploymentPostprocessing = 0;
		};
/* End PBXSourcesBuildPhase section */

/* Begin PBXTargetDependency section */
		9DC709DD1BD9C7B5009812F2 /* PBXTargetDependency */ = {
			isa = PBXTargetDependency;
			target = 9DC709C61BD9C7B5009812F2 /* Times Table */;
			targetProxy = 9DC709DC1BD9C7B5009812F2 /* PBXContainerItemProxy */;
		};
		9DC709E81BD9C7B5009812F2 /* PBXTargetDependency */ = {
			isa = PBXTargetDependency;
			target = 9DC709C61BD9C7B5009812F2 /* Times Table */;
			targetProxy = 9DC709E71BD9C7B5009812F2 /* PBXContainerItemProxy */;
		};
/* End PBXTargetDependency section */

/* Begin PBXVariantGroup section */
		9DC709CE1BD9C7B5009812F2 /* Main.storyboard */ = {
			isa = PBXVariantGroup;
			children = (
				9DC709CF1BD9C7B5009812F2 /* Base */,
			);
			name = Main.storyboard;
			sourceTree = "<group>";
		};
		9DC709D31BD9C7B5009812F2 /* LaunchScreen.storyboard */ = {
			isa = PBXVariantGroup;
			children = (
				9DC709D41BD9C7B5009812F2 /* Base */,
			);
			name = LaunchScreen.storyboard;
			sourceTree = "<group>";
		};
/* End PBXVariantGroup section */

/* Begin XCBuildConfiguration section */
		9DC709ED1BD9C7B5009812F2 /* Debug */ = {
			isa = XCBuildConfiguration;
			buildSettings = {
				ALWAYS_SEARCH_USER_PATHS = NO;
				CLANG_CXX_LANGUAGE_STANDARD = "gnu++0x";
				CLANG_CXX_LIBRARY = "libc++";
				CLANG_ENABLE_MODULES = YES;
				CLANG_ENABLE_OBJC_ARC = YES;
				CLANG_WARN_BOOL_CONVERSION = YES;
				CLANG_WARN_CONSTANT_CONVERSION = YES;
				CLANG_WARN_DIRECT_OBJC_ISA_USAGE = YES_ERROR;
				CLANG_WARN_EMPTY_BODY = YES;
				CLANG_WARN_ENUM_CONVERSION = YES;
				CLANG_WARN_INT_CONVERSION = YES;
				CLANG_WARN_OBJC_ROOT_CLASS = YES_ERROR;
				CLANG_WARN_UNREACHABLE_CODE = YES;
				CLANG_WARN__DUPLICATE_METHOD_MATCH = YES;
				"CODE_SIGN_IDENTITY[sdk=iphoneos*]" = "iPhone Developer";
				COPY_PHASE_STRIP = NO;
				DEBUG_INFORMATION_FORMAT = dwarf;
				ENABLE_STRICT_OBJC_MSGSEND = YES;
				ENABLE_TESTABILITY = YES;
				GCC_C_LANGUAGE_STANDARD = gnu99;
				GCC_DYNAMIC_NO_PIC = NO;
				GCC_NO_COMMON_BLOCKS = YES;
				GCC_OPTIMIZATION_LEVEL = 0;
				GCC_PREPROCESSOR_DEFINITIONS = (
					"DEBUG=1",
					"$(inherited)",
				);
				GCC_WARN_64_TO_32_BIT_CONVERSION = YES;
				GCC_WARN_ABOUT_RETURN_TYPE = YES_ERROR;
				GCC_WARN_UNDECLARED_SELECTOR = YES;
				GCC_WARN_UNINITIALIZED_AUTOS = YES_AGGRESSIVE;
				GCC_WARN_UNUSED_FUNCTION = YES;
				GCC_WARN_UNUSED_VARIABLE = YES;
				IPHONEOS_DEPLOYMENT_TARGET = 9.0;
				MTL_ENABLE_DEBUG_INFO = YES;
				ONLY_ACTIVE_ARCH = YES;
				SDKROOT = iphoneos;
				SWIFT_OPTIMIZATION_LEVEL = "-Onone";
				TARGETED_DEVICE_FAMILY = "1,2";
			};
			name = Debug;
		};
		9DC709EE1BD9C7B5009812F2 /* Release */ = {
			isa = XCBuildConfiguration;
			buildSettings = {
				ALWAYS_SEARCH_USER_PATHS = NO;
				CLANG_CXX_LANGUAGE_STANDARD = "gnu++0x";
				CLANG_CXX_LIBRARY = "libc++";
				CLANG_ENABLE_MODULES = YES;
				CLANG_ENABLE_OBJC_ARC = YES;
				CLANG_WARN_BOOL_CONVERSION = YES;
				CLANG_WARN_CONSTANT_CONVERSION = YES;
				CLANG_WARN_DIRECT_OBJC_ISA_USAGE = YES_ERROR;
				CLANG_WARN_EMPTY_BODY = YES;
				CLANG_WARN_ENUM_CONVERSION = YES;
				CLANG_WARN_INT_CONVERSION = YES;
				CLANG_WARN_OBJC_ROOT_CLASS = YES_ERROR;
				CLANG_WARN_UNREACHABLE_CODE = YES;
				CLANG_WARN__DUPLICATE_METHOD_MATCH = YES;
				"CODE_SIGN_IDENTITY[sdk=iphoneos*]" = "iPhone Developer";
				COPY_PHASE_STRIP = NO;
				DEBUG_INFORMATION_FORMAT = "dwarf-with-dsym";
				ENABLE_NS_ASSERTIONS = NO;
				ENABLE_STRICT_OBJC_MSGSEND = YES;
				GCC_C_LANGUAGE_STANDARD = gnu99;
				GCC_NO_COMMON_BLOCKS = YES;
				GCC_WARN_64_TO_32_BIT_CONVERSION = YES;
				GCC_WARN_ABOUT_RETURN_TYPE = YES_ERROR;
				GCC_WARN_UNDECLARED_SELECTOR = YES;
				GCC_WARN_UNINITIALIZED_AUTOS = YES_AGGRESSIVE;
				GCC_WARN_UNUSED_FUNCTION = YES;
				GCC_WARN_UNUSED_VARIABLE = YES;
				IPHONEOS_DEPLOYMENT_TARGET = 9.0;
				MTL_ENABLE_DEBUG_INFO = NO;
				SDKROOT = iphoneos;
				TARGETED_DEVICE_FAMILY = "1,2";
				VALIDATE_PRODUCT = YES;
			};
			name = Release;
		};
		9DC709F01BD9C7B5009812F2 /* Debug */ = {
			isa = XCBuildConfiguration;
			buildSettings = {
				ASSETCATALOG_COMPILER_APPICON_NAME = AppIcon;
				INFOPLIST_FILE = "Times Table/Info.plist";
				LD_RUNPATH_SEARCH_PATHS = "$(inherited) @executable_path/Frameworks";
				PRODUCT_BUNDLE_IDENTIFIER = "ski.ked.Times-Table";
				PRODUCT_NAME = "$(TARGET_NAME)";
			};
			name = Debug;
		};
		9DC709F11BD9C7B5009812F2 /* Release */ = {
			isa = XCBuildConfiguration;
			buildSettings = {
				ASSETCATALOG_COMPILER_APPICON_NAME = AppIcon;
				INFOPLIST_FILE = "Times Table/Info.plist";
				LD_RUNPATH_SEARCH_PATHS = "$(inherited) @executable_path/Frameworks";
				PRODUCT_BUNDLE_IDENTIFIER = "ski.ked.Times-Table";
				PRODUCT_NAME = "$(TARGET_NAME)";
			};
			name = Release;
		};
		9DC709F31BD9C7B5009812F2 /* Debug */ = {
			isa = XCBuildConfiguration;
			buildSettings = {
				BUNDLE_LOADER = "$(TEST_HOST)";
				INFOPLIST_FILE = "Times TableTests/Info.plist";
				LD_RUNPATH_SEARCH_PATHS = "$(inherited) @executable_path/Frameworks @loader_path/Frameworks";
				PRODUCT_BUNDLE_IDENTIFIER = "ski.ked.Times-TableTests";
				PRODUCT_NAME = "$(TARGET_NAME)";
				TEST_HOST = "$(BUILT_PRODUCTS_DIR)/Times Table.app/Times Table";
			};
			name = Debug;
		};
		9DC709F41BD9C7B5009812F2 /* Release */ = {
			isa = XCBuildConfiguration;
			buildSettings = {
				BUNDLE_LOADER = "$(TEST_HOST)";
				INFOPLIST_FILE = "Times TableTests/Info.plist";
				LD_RUNPATH_SEARCH_PATHS = "$(inherited) @executable_path/Frameworks @loader_path/Frameworks";
				PRODUCT_BUNDLE_IDENTIFIER = "ski.ked.Times-TableTests";
				PRODUCT_NAME = "$(TARGET_NAME)";
				TEST_HOST = "$(BUILT_PRODUCTS_DIR)/Times Table.app/Times Table";
			};
			name = Release;
		};
		9DC709F61BD9C7B5009812F2 /* Debug */ = {
			isa = XCBuildConfiguration;
			buildSettings = {
				INFOPLIST_FILE = "Times TableUITests/Info.plist";
				LD_RUNPATH_SEARCH_PATHS = "$(inherited) @executable_path/Frameworks @loader_path/Frameworks";
				PRODUCT_BUNDLE_IDENTIFIER = "ski.ked.Times-TableUITests";
				PRODUCT_NAME = "$(TARGET_NAME)";
				TEST_TARGET_NAME = "Times Table";
				USES_XCTRUNNER = YES;
			};
			name = Debug;
		};
		9DC709F71BD9C7B5009812F2 /* Release */ = {
			isa = XCBuildConfiguration;
			buildSettings = {
				INFOPLIST_FILE = "Times TableUITests/Info.plist";
				LD_RUNPATH_SEARCH_PATHS = "$(inherited) @executable_path/Frameworks @loader_path/Frameworks";
				PRODUCT_BUNDLE_IDENTIFIER = "ski.ked.Times-TableUITests";
				PRODUCT_NAME = "$(TARGET_NAME)";
				TEST_TARGET_NAME = "Times Table";
				USES_XCTRUNNER = YES;
			};
			name = Release;
		};
/* End XCBuildConfiguration section */

/* Begin XCConfigurationList section */
		9DC709C21BD9C7B5009812F2 /* Build configuration list for PBXProject "Times Table" */ = {
			isa = XCConfigurationList;
			buildConfigurations = (
				9DC709ED1BD9C7B5009812F2 /* Debug */,
				9DC709EE1BD9C7B5009812F2 /* Release */,
			);
			defaultConfigurationIsVisible = 0;
			defaultConfigurationName = Release;
		};
		9DC709EF1BD9C7B5009812F2 /* Build configuration list for PBXNativeTarget "Times Table" */ = {
			isa = XCConfigurationList;
			buildConfigurations = (
				9DC709F01BD9C7B5009812F2 /* Debug */,
				9DC709F11BD9C7B5009812F2 /* Release */,
			);
			defaultConfigurationIsVisible = 0;
		};
		9DC709F21BD9C7B5009812F2 /* Build configuration list for PBXNativeTarget "Times TableTests" */ = {
			isa = XCConfigurationList;
			buildConfigurations = (
				9DC709F31BD9C7B5009812F2 /* Debug */,
				9DC709F41BD9C7B5009812F2 /* Release */,
			);
			defaultConfigurationIsVisible = 0;
		};
		9DC709F51BD9C7B5009812F2 /* Build configuration list for PBXNativeTarget "Times TableUITests" */ = {
			isa = XCConfigurationList;
			buildConfigurations = (
				9DC709F61BD9C7B5009812F2 /* Debug */,
				9DC709F71BD9C7B5009812F2 /* Release */,
			);
			defaultConfigurationIsVisible = 0;
		};
/* End XCConfigurationList section */
	};
	rootObject = 9DC709BF1BD9C7B5009812F2 /* Project object */;
}
